
Microsoft Visual Studio Solution File, Format Version 12.00
# Visual Studio 2013
VisualStudioVersion = 12.0.30723.0
MinimumVisualStudioVersion = 10.0.40219.1
Project("{FAE04EC0-301F-11D3-BF4B-00C04F79EFBC}") = "EFeature", "src\EFeature\EFeature.csproj", "{947B0F4F-E5D9-4201-93B3-3416536EA989}"
EndProject
Project("{2150E333-8FDC-42A3-9474-1A3956D46DE8}") = "src", "src", "{3852E261-FF28-4EE1-9CED-DC42A56E3461}"
EndProject
Project("{2150E333-8FDC-42A3-9474-1A3956D46DE8}") = "test", "test", "{8464A1EA-0C1D-49E6-ADAA-3BDAD4366F92}"
EndProject
Project("{FAE04EC0-301F-11D3-BF4B-00C04F79EFBC}") = "EFeature.Tests.Unit", "test\EFeature.Tests.Unit\EFeature.Tests.Unit.csproj", "{5FAD7AD6-1660-4F91-A65E-9A0D356370E3}"
EndProject
Project("{2150E333-8FDC-42A3-9474-1A3956D46DE8}") = "Solution Items", "Solution Items", "{4C4FAE5A-2C1E-4304-9BDA-101455276C73}"
	ProjectSection(SolutionItems) = preProject
		appveyor.yml = appveyor.yml
	EndProjectSection
EndProject
Project("{2150E333-8FDC-42A3-9474-1A3956D46DE8}") = "deployment", "deployment", "{F632CCC1-6A31-4411-B1F6-674A1F85AF20}"
EndProject
Project("{2150E333-8FDC-42A3-9474-1A3956D46DE8}") = ".nuget", ".nuget", "{02363BBC-2A2E-48E8-B15B-5D86D8BD2E39}"
	ProjectSection(SolutionItems) = preProject
		.nuget\packages.config = .nuget\packages.config
	EndProjectSection
EndProject
Global
	GlobalSection(SolutionConfigurationPlatforms) = preSolution
		Debug|Any CPU = Debug|Any CPU
		Release|Any CPU = Release|Any CPU
	EndGlobalSection
	GlobalSection(ProjectConfigurationPlatforms) = postSolution
		{947B0F4F-E5D9-4201-93B3-3416536EA989}.Debug|Any CPU.ActiveCfg = Debug|Any CPU
		{947B0F4F-E5D9-4201-93B3-3416536EA989}.Debug|Any CPU.Build.0 = Debug|Any CPU
		{947B0F4F-E5D9-4201-93B3-3416536EA989}.Release|Any CPU.ActiveCfg = Release|Any CPU
		{947B0F4F-E5D9-4201-93B3-3416536EA989}.Release|Any CPU.Build.0 = Release|Any CPU
		{5FAD7AD6-1660-4F91-A65E-9A0D356370E3}.Debug|Any CPU.ActiveCfg = Debug|Any CPU
		{5FAD7AD6-1660-4F91-A65E-9A0D356370E3}.Debug|Any CPU.Build.0 = Debug|Any CPU
		{5FAD7AD6-1660-4F91-A65E-9A0D356370E3}.Release|Any CPU.ActiveCfg = Release|Any CPU
		{5FAD7AD6-1660-4F91-A65E-9A0D356370E3}.Release|Any CPU.Build.0 = Release|Any CPU
	EndGlobalSection
	GlobalSection(SolutionProperties) = preSolution
		HideSolutionNode = FALSE
	EndGlobalSection
	GlobalSection(NestedProjects) = preSolution
		{947B0F4F-E5D9-4201-93B3-3416536EA989} = {3852E261-FF28-4EE1-9CED-DC42A56E3461}
		{5FAD7AD6-1660-4F91-A65E-9A0D356370E3} = {8464A1EA-0C1D-49E6-ADAA-3BDAD4366F92}
	EndGlobalSection
EndGlobal
